// !$*UTF8*$!
{
	archiveVersion = 1;
	classes = {
	};
	objectVersion = 56;
	objects = {

/* Begin PBXBuildFile section */
		692F005528F2DA880088BDD0 /* AppDelegate.swift in Sources */ = {isa = PBXBuildFile; fileRef = 692F005428F2DA880088BDD0 /* AppDelegate.swift */; };
		692F005728F2DA880088BDD0 /* SceneDelegate.swift in Sources */ = {isa = PBXBuildFile; fileRef = 692F005628F2DA880088BDD0 /* SceneDelegate.swift */; };
		692F005E28F2DA890088BDD0 /* Assets.xcassets in Resources */ = {isa = PBXBuildFile; fileRef = 692F005D28F2DA890088BDD0 /* Assets.xcassets */; };
		692F006128F2DA890088BDD0 /* LaunchScreen.storyboard in Resources */ = {isa = PBXBuildFile; fileRef = 692F005F28F2DA890088BDD0 /* LaunchScreen.storyboard */; };
		69E0E5E1290FF30800D73EFF /* CurrencyModel.swift in Sources */ = {isa = PBXBuildFile; fileRef = 69E0E5E0290FF30800D73EFF /* CurrencyModel.swift */; };
		69E0E5E4290FF36100D73EFF /* CurrencyListViewController.swift in Sources */ = {isa = PBXBuildFile; fileRef = 69E0E5E3290FF36100D73EFF /* CurrencyListViewController.swift */; };
		69E0E5E6290FF38000D73EFF /* CurrencyListPresenter.swift in Sources */ = {isa = PBXBuildFile; fileRef = 69E0E5E5290FF38000D73EFF /* CurrencyListPresenter.swift */; };
		69E0E5E8290FF39E00D73EFF /* CyrrencyListRouter.swift in Sources */ = {isa = PBXBuildFile; fileRef = 69E0E5E7290FF39E00D73EFF /* CyrrencyListRouter.swift */; };
		69E0E5EB290FF3F000D73EFF /* CurrencyListTableViewCell.swift in Sources */ = {isa = PBXBuildFile; fileRef = 69E0E5EA290FF3F000D73EFF /* CurrencyListTableViewCell.swift */; };
		69E0E5EE290FF43600D73EFF /* DetailCurrencyViewController.swift in Sources */ = {isa = PBXBuildFile; fileRef = 69E0E5ED290FF43600D73EFF /* DetailCurrencyViewController.swift */; };
		69E0E5F0290FF45900D73EFF /* DetailCurrencyPresenter.swift in Sources */ = {isa = PBXBuildFile; fileRef = 69E0E5EF290FF45900D73EFF /* DetailCurrencyPresenter.swift */; };
		69E0E5F2290FF47400D73EFF /* DetailCurrencyRouter.swift in Sources */ = {isa = PBXBuildFile; fileRef = 69E0E5F1290FF47400D73EFF /* DetailCurrencyRouter.swift */; };
		69E0E5F4290FF52100D73EFF /* Main.storyboard in Resources */ = {isa = PBXBuildFile; fileRef = 69E0E5F3290FF52100D73EFF /* Main.storyboard */; };
/* End PBXBuildFile section */

/* Begin PBXFileReference section */
		692F005128F2DA880088BDD0 /* CryptoInfoApp.app */ = {isa = PBXFileReference; explicitFileType = wrapper.application; includeInIndex = 0; path = CryptoInfoApp.app; sourceTree = BUILT_PRODUCTS_DIR; };
		692F005428F2DA880088BDD0 /* AppDelegate.swift */ = {isa = PBXFileReference; lastKnownFileType = sourcecode.swift; path = AppDelegate.swift; sourceTree = "<group>"; };
		692F005628F2DA880088BDD0 /* SceneDelegate.swift */ = {isa = PBXFileReference; lastKnownFileType = sourcecode.swift; path = SceneDelegate.swift; sourceTree = "<group>"; };
		692F005D28F2DA890088BDD0 /* Assets.xcassets */ = {isa = PBXFileReference; lastKnownFileType = folder.assetcatalog; path = Assets.xcassets; sourceTree = "<group>"; };
		692F006028F2DA890088BDD0 /* Base */ = {isa = PBXFileReference; lastKnownFileType = file.storyboard; name = Base; path = Base.lproj/LaunchScreen.storyboard; sourceTree = "<group>"; };
		692F006228F2DA890088BDD0 /* Info.plist */ = {isa = PBXFileReference; lastKnownFileType = text.plist.xml; path = Info.plist; sourceTree = "<group>"; };
		69E0E5E0290FF30800D73EFF /* CurrencyModel.swift */ = {isa = PBXFileReference; lastKnownFileType = sourcecode.swift; path = CurrencyModel.swift; sourceTree = "<group>"; };
		69E0E5E3290FF36100D73EFF /* CurrencyListViewController.swift */ = {isa = PBXFileReference; lastKnownFileType = sourcecode.swift; path = CurrencyListViewController.swift; sourceTree = "<group>"; };
		69E0E5E5290FF38000D73EFF /* CurrencyListPresenter.swift */ = {isa = PBXFileReference; lastKnownFileType = sourcecode.swift; path = CurrencyListPresenter.swift; sourceTree = "<group>"; };
		69E0E5E7290FF39E00D73EFF /* CyrrencyListRouter.swift */ = {isa = PBXFileReference; lastKnownFileType = sourcecode.swift; path = CyrrencyListRouter.swift; sourceTree = "<group>"; };
		69E0E5EA290FF3F000D73EFF /* CurrencyListTableViewCell.swift */ = {isa = PBXFileReference; lastKnownFileType = sourcecode.swift; path = CurrencyListTableViewCell.swift; sourceTree = "<group>"; };
		69E0E5ED290FF43600D73EFF /* DetailCurrencyViewController.swift */ = {isa = PBXFileReference; lastKnownFileType = sourcecode.swift; path = DetailCurrencyViewController.swift; sourceTree = "<group>"; };
		69E0E5EF290FF45900D73EFF /* DetailCurrencyPresenter.swift */ = {isa = PBXFileReference; lastKnownFileType = sourcecode.swift; path = DetailCurrencyPresenter.swift; sourceTree = "<group>"; };
		69E0E5F1290FF47400D73EFF /* DetailCurrencyRouter.swift */ = {isa = PBXFileReference; lastKnownFileType = sourcecode.swift; path = DetailCurrencyRouter.swift; sourceTree = "<group>"; };
		69E0E5F3290FF52100D73EFF /* Main.storyboard */ = {isa = PBXFileReference; lastKnownFileType = file.storyboard; path = Main.storyboard; sourceTree = "<group>"; };
/* End PBXFileReference section */

/* Begin PBXFrameworksBuildPhase section */
		692F004E28F2DA880088BDD0 /* Frameworks */ = {
			isa = PBXFrameworksBuildPhase;
			buildActionMask = 2147483647;
			files = (
			);
			runOnlyForDeploymentPostprocessing = 0;
		};
/* End PBXFrameworksBuildPhase section */

/* Begin PBXGroup section */
		692F004828F2DA880088BDD0 = {
			isa = PBXGroup;
			children = (
				69E0E5F3290FF52100D73EFF /* Main.storyboard */,
				692F005328F2DA880088BDD0 /* CryptoInfoApp */,
				692F005228F2DA880088BDD0 /* Products */,
			);
			sourceTree = "<group>";
		};
		692F005228F2DA880088BDD0 /* Products */ = {
			isa = PBXGroup;
			children = (
				692F005128F2DA880088BDD0 /* CryptoInfoApp.app */,
			);
			name = Products;
			sourceTree = "<group>";
		};
		692F005328F2DA880088BDD0 /* CryptoInfoApp */ = {
			isa = PBXGroup;
			children = (
				692F006228F2DA890088BDD0 /* Info.plist */,
				69E0E5EC290FF40D00D73EFF /* DetailCurrency */,
				69E0E5E2290FF34100D73EFF /* CurrencyList */,
				69E0E5DF290FF2EA00D73EFF /* CurrencyModel */,
				69E0E5E9290FF3C500D73EFF /* CurrencyListTable */,
				69B480DC28F313C700C5574A /* SystemFiles */,
			);
			path = CryptoInfoApp;
			sourceTree = "<group>";
		};
		69B480DC28F313C700C5574A /* SystemFiles */ = {
			isa = PBXGroup;
			children = (
				692F005428F2DA880088BDD0 /* AppDelegate.swift */,
				692F005628F2DA880088BDD0 /* SceneDelegate.swift */,
				692F005D28F2DA890088BDD0 /* Assets.xcassets */,
				692F005F28F2DA890088BDD0 /* LaunchScreen.storyboard */,
			);
			path = SystemFiles;
			sourceTree = "<group>";
		};
		69E0E5DF290FF2EA00D73EFF /* CurrencyModel */ = {
			isa = PBXGroup;
			children = (
				69E0E5E0290FF30800D73EFF /* CurrencyModel.swift */,
			);
			path = CurrencyModel;
			sourceTree = "<group>";
		};
		69E0E5E2290FF34100D73EFF /* CurrencyList */ = {
			isa = PBXGroup;
			children = (
				69E0E5E3290FF36100D73EFF /* CurrencyListViewController.swift */,
				69E0E5E5290FF38000D73EFF /* CurrencyListPresenter.swift */,
				69E0E5E7290FF39E00D73EFF /* CyrrencyListRouter.swift */,
			);
			path = CurrencyList;
			sourceTree = "<group>";
		};
		69E0E5E9290FF3C500D73EFF /* CurrencyListTable */ = {
			isa = PBXGroup;
			children = (
				69E0E5EA290FF3F000D73EFF /* CurrencyListTableViewCell.swift */,
			);
			path = CurrencyListTable;
			sourceTree = "<group>";
		};
		69E0E5EC290FF40D00D73EFF /* DetailCurrency */ = {
			isa = PBXGroup;
			children = (
				69E0E5ED290FF43600D73EFF /* DetailCurrencyViewController.swift */,
				69E0E5EF290FF45900D73EFF /* DetailCurrencyPresenter.swift */,
				69E0E5F1290FF47400D73EFF /* DetailCurrencyRouter.swift */,
			);
			path = DetailCurrency;
			sourceTree = "<group>";
		};
/* End PBXGroup section */

/* Begin PBXNativeTarget section */
		692F005028F2DA880088BDD0 /* CryptoInfoApp */ = {
			isa = PBXNativeTarget;
			buildConfigurationList = 692F006528F2DA890088BDD0 /* Build configuration list for PBXNativeTarget "CryptoInfoApp" */;
			buildPhases = (
				692F004D28F2DA880088BDD0 /* Sources */,
				692F004E28F2DA880088BDD0 /* Frameworks */,
				692F004F28F2DA880088BDD0 /* Resources */,
			);
			buildRules = (
			);
			dependencies = (
			);
			name = CryptoInfoApp;
			productName = CryptoInfoApp;
			productReference = 692F005128F2DA880088BDD0 /* CryptoInfoApp.app */;
			productType = "com.apple.product-type.application";
		};
/* End PBXNativeTarget section */

/* Begin PBXProject section */
		692F004928F2DA880088BDD0 /* Project object */ = {
			isa = PBXProject;
			attributes = {
				BuildIndependentTargetsInParallel = 1;
				LastSwiftUpdateCheck = 1400;
				LastUpgradeCheck = 1400;
				TargetAttributes = {
					692F005028F2DA880088BDD0 = {
						CreatedOnToolsVersion = 14.0.1;
					};
				};
			};
			buildConfigurationList = 692F004C28F2DA880088BDD0 /* Build configuration list for PBXProject "CryptoInfoApp" */;
			compatibilityVersion = "Xcode 14.0";
			developmentRegion = en;
			hasScannedForEncodings = 0;
			knownRegions = (
				en,
				Base,
			);
			mainGroup = 692F004828F2DA880088BDD0;
			productRefGroup = 692F005228F2DA880088BDD0 /* Products */;
			projectDirPath = "";
			projectRoot = "";
			targets = (
				692F005028F2DA880088BDD0 /* CryptoInfoApp */,
			);
		};
/* End PBXProject section */

/* Begin PBXResourcesBuildPhase section */
		692F004F28F2DA880088BDD0 /* Resources */ = {
			isa = PBXResourcesBuildPhase;
			buildActionMask = 2147483647;
			files = (
				69E0E5F4290FF52100D73EFF /* Main.storyboard in Resources */,
				692F006128F2DA890088BDD0 /* LaunchScreen.storyboard in Resources */,
				692F005E28F2DA890088BDD0 /* Assets.xcassets in Resources */,
			);
			runOnlyForDeploymentPostprocessing = 0;
		};
/* End PBXResourcesBuildPhase section */

/* Begin PBXSourcesBuildPhase section */
		692F004D28F2DA880088BDD0 /* Sources */ = {
			isa = PBXSourcesBuildPhase;
			buildActionMask = 2147483647;
			files = (
				692F005528F2DA880088BDD0 /* AppDelegate.swift in Sources */,
				69E0E5EB290FF3F000D73EFF /* CurrencyListTableViewCell.swift in Sources */,
				69E0E5F2290FF47400D73EFF /* DetailCurrencyRouter.swift in Sources */,
				69E0E5EE290FF43600D73EFF /* DetailCurrencyViewController.swift in Sources */,
				69E0E5E8290FF39E00D73EFF /* CyrrencyListRouter.swift in Sources */,
				69E0E5E1290FF30800D73EFF /* CurrencyModel.swift in Sources */,
				69E0E5E4290FF36100D73EFF /* CurrencyListViewController.swift in Sources */,
				69E0E5E6290FF38000D73EFF /* CurrencyListPresenter.swift in Sources */,
				69E0E5F0290FF45900D73EFF /* DetailCurrencyPresenter.swift in Sources */,
				692F005728F2DA880088BDD0 /* SceneDelegate.swift in Sources */,
			);
			runOnlyForDeploymentPostprocessing = 0;
		};
/* End PBXSourcesBuildPhase section */

/* Begin PBXVariantGroup section */
		692F005F28F2DA890088BDD0 /* LaunchScreen.storyboard */ = {
			isa = PBXVariantGroup;
			children = (
				692F006028F2DA890088BDD0 /* Base */,
			);
			name = LaunchScreen.storyboard;
			sourceTree = "<group>";
		};
/* End PBXVariantGroup section */

/* Begin XCBuildConfiguration section */
		692F006328F2DA890088BDD0 /* Debug */ = {
			isa = XCBuildConfiguration;
			buildSettings = {
				ALWAYS_SEARCH_USER_PATHS = NO;
				CLANG_ANALYZER_NONNULL = YES;
				CLANG_ANALYZER_NUMBER_OBJECT_CONVERSION = YES_AGGRESSIVE;
				CLANG_CXX_LANGUAGE_STANDARD = "gnu++20";
				CLANG_ENABLE_MODULES = YES;
				CLANG_ENABLE_OBJC_ARC = YES;
				CLANG_ENABLE_OBJC_WEAK = YES;
				CLANG_WARN_BLOCK_CAPTURE_AUTORELEASING = YES;
				CLANG_WARN_BOOL_CONVERSION = YES;
				CLANG_WARN_COMMA = YES;
				CLANG_WARN_CONSTANT_CONVERSION = YES;
				CLANG_WARN_DEPRECATED_OBJC_IMPLEMENTATIONS = YES;
				CLANG_WARN_DIRECT_OBJC_ISA_USAGE = YES_ERROR;
				CLANG_WARN_DOCUMENTATION_COMMENTS = YES;
				CLANG_WARN_EMPTY_BODY = YES;
				CLANG_WARN_ENUM_CONVERSION = YES;
				CLANG_WARN_INFINITE_RECURSION = YES;
				CLANG_WARN_INT_CONVERSION = YES;
				CLANG_WARN_NON_LITERAL_NULL_CONVERSION = YES;
				CLANG_WARN_OBJC_IMPLICIT_RETAIN_SELF = YES;
				CLANG_WARN_OBJC_LITERAL_CONVERSION = YES;
				CLANG_WARN_OBJC_ROOT_CLASS = YES_ERROR;
				CLANG_WARN_QUOTED_INCLUDE_IN_FRAMEWORK_HEADER = YES;
				CLANG_WARN_RANGE_LOOP_ANALYSIS = YES;
				CLANG_WARN_STRICT_PROTOTYPES = YES;
				CLANG_WARN_SUSPICIOUS_MOVE = YES;
				CLANG_WARN_UNGUARDED_AVAILABILITY = YES_AGGRESSIVE;
				CLANG_WARN_UNREACHABLE_CODE = YES;
				CLANG_WARN__DUPLICATE_METHOD_MATCH = YES;
				COPY_PHASE_STRIP = NO;
				DEBUG_INFORMATION_FORMAT = dwarf;
				ENABLE_STRICT_OBJC_MSGSEND = YES;
				ENABLE_TESTABILITY = YES;
				GCC_C_LANGUAGE_STANDARD = gnu11;
				GCC_DYNAMIC_NO_PIC = NO;
				GCC_NO_COMMON_BLOCKS = YES;
				GCC_OPTIMIZATION_LEVEL = 0;
				GCC_PREPROCESSOR_DEFINITIONS = (
					"DEBUG=1",
					"$(inherited)",
				);
				GCC_WARN_64_TO_32_BIT_CONVERSION = YES;
				GCC_WARN_ABOUT_RETURN_TYPE = YES_ERROR;
				GCC_WARN_UNDECLARED_SELECTOR = YES;
				GCC_WARN_UNINITIALIZED_AUTOS = YES_AGGRESSIVE;
				GCC_WARN_UNUSED_FUNCTION = YES;
				GCC_WARN_UNUSED_VARIABLE = YES;
				IPHONEOS_DEPLOYMENT_TARGET = 16.0;
				MTL_ENABLE_DEBUG_INFO = INCLUDE_SOURCE;
				MTL_FAST_MATH = YES;
				ONLY_ACTIVE_ARCH = YES;
				SDKROOT = iphoneos;
				SWIFT_ACTIVE_COMPILATION_CONDITIONS = DEBUG;
				SWIFT_OPTIMIZATION_LEVEL = "-Onone";
			};
			name = Debug;
		};
		692F006428F2DA890088BDD0 /* Release */ = {
			isa = XCBuildConfiguration;
			buildSettings = {
				ALWAYS_SEARCH_USER_PATHS = NO;
				CLANG_ANALYZER_NONNULL = YES;
				CLANG_ANALYZER_NUMBER_OBJECT_CONVERSION = YES_AGGRESSIVE;
				CLANG_CXX_LANGUAGE_STANDARD = "gnu++20";
				CLANG_ENABLE_MODULES = YES;
				CLANG_ENABLE_OBJC_ARC = YES;
				CLANG_ENABLE_OBJC_WEAK = YES;
				CLANG_WARN_BLOCK_CAPTURE_AUTORELEASING = YES;
				CLANG_WARN_BOOL_CONVERSION = YES;
				CLANG_WARN_COMMA = YES;
				CLANG_WARN_CONSTANT_CONVERSION = YES;
				CLANG_WARN_DEPRECATED_OBJC_IMPLEMENTATIONS = YES;
				CLANG_WARN_DIRECT_OBJC_ISA_USAGE = YES_ERROR;
				CLANG_WARN_DOCUMENTATION_COMMENTS = YES;
				CLANG_WARN_EMPTY_BODY = YES;
				CLANG_WARN_ENUM_CONVERSION = YES;
				CLANG_WARN_INFINITE_RECURSION = YES;
				CLANG_WARN_INT_CONVERSION = YES;
				CLANG_WARN_NON_LITERAL_NULL_CONVERSION = YES;
				CLANG_WARN_OBJC_IMPLICIT_RETAIN_SELF = YES;
				CLANG_WARN_OBJC_LITERAL_CONVERSION = YES;
				CLANG_WARN_OBJC_ROOT_CLASS = YES_ERROR;
				CLANG_WARN_QUOTED_INCLUDE_IN_FRAMEWORK_HEADER = YES;
				CLANG_WARN_RANGE_LOOP_ANALYSIS = YES;
				CLANG_WARN_STRICT_PROTOTYPES = YES;
				CLANG_WARN_SUSPICIOUS_MOVE = YES;
				CLANG_WARN_UNGUARDED_AVAILABILITY = YES_AGGRESSIVE;
				CLANG_WARN_UNREACHABLE_CODE = YES;
				CLANG_WARN__DUPLICATE_METHOD_MATCH = YES;
				COPY_PHASE_STRIP = NO;
				DEBUG_INFORMATION_FORMAT = "dwarf-with-dsym";
				ENABLE_NS_ASSERTIONS = NO;
				ENABLE_STRICT_OBJC_MSGSEND = YES;
				GCC_C_LANGUAGE_STANDARD = gnu11;
				GCC_NO_COMMON_BLOCKS = YES;
				GCC_WARN_64_TO_32_BIT_CONVERSION = YES;
				GCC_WARN_ABOUT_RETURN_TYPE = YES_ERROR;
				GCC_WARN_UNDECLARED_SELECTOR = YES;
				GCC_WARN_UNINITIALIZED_AUTOS = YES_AGGRESSIVE;
				GCC_WARN_UNUSED_FUNCTION = YES;
				GCC_WARN_UNUSED_VARIABLE = YES;
				IPHONEOS_DEPLOYMENT_TARGET = 16.0;
				MTL_ENABLE_DEBUG_INFO = NO;
				MTL_FAST_MATH = YES;
				SDKROOT = iphoneos;
				SWIFT_COMPILATION_MODE = wholemodule;
				SWIFT_OPTIMIZATION_LEVEL = "-O";
				VALIDATE_PRODUCT = YES;
			};
			name = Release;
		};
		692F006628F2DA890088BDD0 /* Debug */ = {
			isa = XCBuildConfiguration;
			buildSettings = {
				ASSETCATALOG_COMPILER_APPICON_NAME = AppIcon;
				ASSETCATALOG_COMPILER_GLOBAL_ACCENT_COLOR_NAME = AccentColor;
				CODE_SIGN_STYLE = Automatic;
				CURRENT_PROJECT_VERSION = 1;
				DEVELOPMENT_TEAM = C23R3D8MDH;
				GENERATE_INFOPLIST_FILE = YES;
				INFOPLIST_FILE = CryptoInfoApp/Info.plist;
				INFOPLIST_KEY_UIApplicationSupportsIndirectInputEvents = YES;
				INFOPLIST_KEY_UILaunchStoryboardName = LaunchScreen;
				INFOPLIST_KEY_UISupportedInterfaceOrientations_iPad = "UIInterfaceOrientationPortrait UIInterfaceOrientationPortraitUpsideDown UIInterfaceOrientationLandscapeLeft UIInterfaceOrientationLandscapeRight";
				INFOPLIST_KEY_UISupportedInterfaceOrientations_iPhone = "UIInterfaceOrientationPortrait UIInterfaceOrientationLandscapeLeft UIInterfaceOrientationLandscapeRight";
				IPHONEOS_DEPLOYMENT_TARGET = 15.0;
				LD_RUNPATH_SEARCH_PATHS = (
					"$(inherited)",
					"@executable_path/Frameworks",
				);
				MARKETING_VERSION = 1.0;
				PRODUCT_BUNDLE_IDENTIFIER = com.parkhom..CryptoInfoApp;
				PRODUCT_NAME = "$(TARGET_NAME)";
				SWIFT_EMIT_LOC_STRINGS = YES;
				SWIFT_VERSION = 5.0;
				TARGETED_DEVICE_FAMILY = "1,2";
			};
			name = Debug;
		};
		692F006728F2DA890088BDD0 /* Release */ = {
			isa = XCBuildConfiguration;
			buildSettings = {
				ASSETCATALOG_COMPILER_APPICON_NAME = AppIcon;
				ASSETCATALOG_COMPILER_GLOBAL_ACCENT_COLOR_NAME = AccentColor;
				CODE_SIGN_STYLE = Automatic;
				CURRENT_PROJECT_VERSION = 1;
				DEVELOPMENT_TEAM = C23R3D8MDH;
				GENERATE_INFOPLIST_FILE = YES;
				INFOPLIST_FILE = CryptoInfoApp/Info.plist;
				INFOPLIST_KEY_UIApplicationSupportsIndirectInputEvents = YES;
				INFOPLIST_KEY_UILaunchStoryboardName = LaunchScreen;
				INFOPLIST_KEY_UISupportedInterfaceOrientations_iPad = "UIInterfaceOrientationPortrait UIInterfaceOrientationPortraitUpsideDown UIInterfaceOrientationLandscapeLeft UIInterfaceOrientationLandscapeRight";
				INFOPLIST_KEY_UISupportedInterfaceOrientations_iPhone = "UIInterfaceOrientationPortrait UIInterfaceOrientationLandscapeLeft UIInterfaceOrientationLandscapeRight";
				IPHONEOS_DEPLOYMENT_TARGET = 15.0;
				LD_RUNPATH_SEARCH_PATHS = (
					"$(inherited)",
					"@executable_path/Frameworks",
				);
				MARKETING_VERSION = 1.0;
				PRODUCT_BUNDLE_IDENTIFIER = com.parkhom..CryptoInfoApp;
				PRODUCT_NAME = "$(TARGET_NAME)";
				SWIFT_EMIT_LOC_STRINGS = YES;
				SWIFT_VERSION = 5.0;
				TARGETED_DEVICE_FAMILY = "1,2";
			};
			name = Release;
		};
/* End XCBuildConfiguration section */

/* Begin XCConfigurationList section */
		692F004C28F2DA880088BDD0 /* Build configuration list for PBXProject "CryptoInfoApp" */ = {
			isa = XCConfigurationList;
			buildConfigurations = (
				692F006328F2DA890088BDD0 /* Debug */,
				692F006428F2DA890088BDD0 /* Release */,
			);
			defaultConfigurationIsVisible = 0;
			defaultConfigurationName = Release;
		};
		692F006528F2DA890088BDD0 /* Build configuration list for PBXNativeTarget "CryptoInfoApp" */ = {
			isa = XCConfigurationList;
			buildConfigurations = (
				692F006628F2DA890088BDD0 /* Debug */,
				692F006728F2DA890088BDD0 /* Release */,
			);
			defaultConfigurationIsVisible = 0;
			defaultConfigurationName = Release;
		};
/* End XCConfigurationList section */
	};
	rootObject = 692F004928F2DA880088BDD0 /* Project object */;
}
